{
    "_meta": {
        "hash": {
            "sha256": "cd279f14c932b6a0dadd1cd7d97ac2d5c6e27b4a85487cdf03cca00b45090110"
        },
        "pipfile-spec": 6,
        "requires": {
            "python_version": "3.6"
        },
        "sources": [
            {
                "name": "pypi",
                "url": "https://pypi.python.org/simple",
                "verify_ssl": true
            }
        ]
    },
    "default": {
        "click": {
            "hashes": [
                "sha256:2335065e6395b9e67ca716de5f7526736bfa6ceead690adf616d925bdc622b13",
                "sha256:5b94b49521f6456670fdb30cd82a4eca9412788a93fa6dd6df72c94d5a8ff2d7"
            ],
            "index": "pypi",
            "version": "==7.0"
        },
        "django": {
            "hashes": [
                "sha256:753d30d3eb078064d2ddadfea65083c9848074a7f93d7b4dc7fa6b1380d278f5",
                "sha256:7cb67e8b934fab23b6daed7144da52e8a25a47eba7f360ca43d2b448506b01ad"
            ],
            "index": "pypi",
            "version": "==2.2.2"
        },
        "gitdb": {
            "hashes": [
                "sha256:6f0ecd46f99bb4874e5678d628c3a198e2b4ef38daea2756a2bfd8df7dd5c1a5",
                "sha256:ba1132c0912e8c917aa8aa990bee26315064c7b7f171ceaaac0afeb1dc656c6a"
            ],
            "version": "==4.0.4"
        },
        "gitpython": {
            "hashes": [
                "sha256:6d4f10e2aaad1864bb0f17ec06a2c2831534140e5883c350d58b4e85189dab74",
                "sha256:71b8dad7409efbdae4930f2b0b646aaeccce292484ffa0bc74f1195582578b3d"
            ],
            "index": "pypi",
            "version": "==3.1.1"
        },
        "pytz": {
            "hashes": [
                "sha256:1c557d7d0e871de1f5ccd5833f60fb2550652da6be2693c1e02300743d21500d",
                "sha256:b02c06db6cf09c12dd25137e563b31700d3b80fcc4ad23abb7a315f2789819be"
            ],
            "version": "==2019.3"
        },
        "smmap": {
            "hashes": [
                "sha256:52ea78b3e708d2c2b0cfe93b6fc3fbeec53db913345c26be6ed84c11ed8bebc1",
                "sha256:b46d3fc69ba5f367df96d91f8271e8ad667a198d5a28e215a6c3d9acd133a911"
            ],
            "version": "==3.0.2"
        },
        "sqlparse": {
            "hashes": [
                "sha256:022fb9c87b524d1f7862b3037e541f68597a730a8843245c349fc93e1643dc4e",
                "sha256:e162203737712307dfe78860cc56c8da8a852ab2ee33750e33aeadf38d12c548"
            ],
            "version": "==0.3.1"
        }
    },
    "develop": {}
}
